
Microsoft Visual Studio Solution File, Format Version 12.00
# Visual Studio Version 16
VisualStudioVersion = 16.0.29418.71
MinimumVisualStudioVersion = 10.0.40219.1
Project("{FAE04EC0-301F-11D3-BF4B-00C04F79EFBC}") = "contatori", "contatori\contatori.csproj", "{2238C024-22F0-4A93-B184-E9FE3772AC56}"
EndProject
Global
	GlobalSection(SolutionConfigurationPlatforms) = preSolution
		Debug|Any CPU = Debug|Any CPU
		Release|Any CPU = Release|Any CPU
	EndGlobalSection
	GlobalSection(ProjectConfigurationPlatforms) = postSolution
		{2238C024-22F0-4A93-B184-E9FE3772AC56}.Debug|Any CPU.ActiveCfg = Debug|Any CPU
		{2238C024-22F0-4A93-B184-E9FE3772AC56}.Debug|Any CPU.Build.0 = Debug|Any CPU
		{2238C024-22F0-4A93-B184-E9FE3772AC56}.Release|Any CPU.ActiveCfg = Release|Any CPU
		{2238C024-22F0-4A93-B184-E9FE3772AC56}.Release|Any CPU.Build.0 = Release|Any CPU
	EndGlobalSection
	GlobalSection(SolutionProperties) = preSolution
		HideSolutionNode = FALSE
	EndGlobalSection
	GlobalSection(ExtensibilityGlobals) = postSolution
		SolutionGuid = {3B8B75D2-355B-4FA6-B70B-0A602CE052B5}
	EndGlobalSection
EndGlobal
